{
  "requires": true,
  "lockfileVersion": 1,
  "dependencies": {
    "yekan-fontface": {
      "version": "1.0.3",
      "resolved": "https://registry.npmjs.org/yekan-fontface/-/yekan-fontface-1.0.3.tgz",
      "integrity": "sha512-JeV26f1geG3tSg6ceI4gNfD9xVUHtaaL6KMygfX7g0GIMwvRaLTyDtXPH8wPoShcqwNu9TB06nvsPv0wU465Cw=="
    }
  }
}
